
Microsoft Visual Studio Solution File, Format Version 12.00
# Visual Studio Version 17
VisualStudioVersion = 17.4.33103.184
MinimumVisualStudioVersion = 10.0.40219.1
Project("{FAE04EC0-301F-11D3-BF4B-00C04F79EFBC}") = "PracticeToDo.UWP", "PracticeToDo\PracticeToDo.UWP\PracticeToDo.UWP.csproj", "{8BD4D492-9F06-47F7-BDB3-580739F08EC9}"
EndProject
Project("{FAE04EC0-301F-11D3-BF4B-00C04F79EFBC}") = "PracticeToDo.Android", "PracticeToDo\PracticeToDo.Android\PracticeToDo.Android.csproj", "{F06ECBDB-8D7E-4ECF-BA60-2911036563A4}"
EndProject
Project("{FAE04EC0-301F-11D3-BF4B-00C04F79EFBC}") = "PracticeToDo.iOS", "PracticeToDo\PracticeToDo.iOS\PracticeToDo.iOS.csproj", "{44FA377B-7B2E-48AC-ABDE-A2A271C52D42}"
EndProject
Project("{FAE04EC0-301F-11D3-BF4B-00C04F79EFBC}") = "PracticeToDo", "PracticeToDo\PracticeToDo\PracticeToDo.csproj", "{198ACA4C-1744-4052-B8E4-021A88E2973E}"
EndProject
Global
	GlobalSection(SolutionConfigurationPlatforms) = preSolution
		Debug|Any CPU = Debug|Any CPU
		Debug|ARM = Debug|ARM
		Debug|iPhone = Debug|iPhone
		Debug|iPhoneSimulator = Debug|iPhoneSimulator
		Debug|x64 = Debug|x64
		Debug|x86 = Debug|x86
		Release|Any CPU = Release|Any CPU
		Release|ARM = Release|ARM
		Release|iPhone = Release|iPhone
		Release|iPhoneSimulator = Release|iPhoneSimulator
		Release|x64 = Release|x64
		Release|x86 = Release|x86
	EndGlobalSection
	GlobalSection(ProjectConfigurationPlatforms) = postSolution
		{8BD4D492-9F06-47F7-BDB3-580739F08EC9}.Debug|Any CPU.ActiveCfg = Debug|x64
		{8BD4D492-9F06-47F7-BDB3-580739F08EC9}.Debug|Any CPU.Build.0 = Debug|x64
		{8BD4D492-9F06-47F7-BDB3-580739F08EC9}.Debug|Any CPU.Deploy.0 = Debug|x64
		{8BD4D492-9F06-47F7-BDB3-580739F08EC9}.Debug|ARM.ActiveCfg = Debug|ARM
		{8BD4D492-9F06-47F7-BDB3-580739F08EC9}.Debug|ARM.Build.0 = Debug|ARM
		{8BD4D492-9F06-47F7-BDB3-580739F08EC9}.Debug|ARM.Deploy.0 = Debug|ARM
		{8BD4D492-9F06-47F7-BDB3-580739F08EC9}.Debug|iPhone.ActiveCfg = Debug|x64
		{8BD4D492-9F06-47F7-BDB3-580739F08EC9}.Debug|iPhone.Build.0 = Debug|x64
		{8BD4D492-9F06-47F7-BDB3-580739F08EC9}.Debug|iPhone.Deploy.0 = Debug|x64
		{8BD4D492-9F06-47F7-BDB3-580739F08EC9}.Debug|iPhoneSimulator.ActiveCfg = Debug|x64
		{8BD4D492-9F06-47F7-BDB3-580739F08EC9}.Debug|iPhoneSimulator.Build.0 = Debug|x64
		{8BD4D492-9F06-47F7-BDB3-580739F08EC9}.Debug|iPhoneSimulator.Deploy.0 = Debug|x64
		{8BD4D492-9F06-47F7-BDB3-580739F08EC9}.Debug|x64.ActiveCfg = Debug|x64
		{8BD4D492-9F06-47F7-BDB3-580739F08EC9}.Debug|x64.Build.0 = Debug|x64
		{8BD4D492-9F06-47F7-BDB3-580739F08EC9}.Debug|x64.Deploy.0 = Debug|x64
		{8BD4D492-9F06-47F7-BDB3-580739F08EC9}.Debug|x86.ActiveCfg = Debug|x86
		{8BD4D492-9F06-47F7-BDB3-580739F08EC9}.Debug|x86.Build.0 = Debug|x86
		{8BD4D492-9F06-47F7-BDB3-580739F08EC9}.Debug|x86.Deploy.0 = Debug|x86
		{8BD4D492-9F06-47F7-BDB3-580739F08EC9}.Release|Any CPU.ActiveCfg = Release|x64
		{8BD4D492-9F06-47F7-BDB3-580739F08EC9}.Release|Any CPU.Build.0 = Release|x64
		{8BD4D492-9F06-47F7-BDB3-580739F08EC9}.Release|Any CPU.Deploy.0 = Release|x64
		{8BD4D492-9F06-47F7-BDB3-580739F08EC9}.Release|ARM.ActiveCfg = Release|ARM
		{8BD4D492-9F06-47F7-BDB3-580739F08EC9}.Release|ARM.Build.0 = Release|ARM
		{8BD4D492-9F06-47F7-BDB3-580739F08EC9}.Release|ARM.Deploy.0 = Release|ARM
		{8BD4D492-9F06-47F7-BDB3-580739F08EC9}.Release|iPhone.ActiveCfg = Release|x64
		{8BD4D492-9F06-47F7-BDB3-580739F08EC9}.Release|iPhone.Build.0 = Release|x64
		{8BD4D492-9F06-47F7-BDB3-580739F08EC9}.Release|iPhone.Deploy.0 = Release|x64
		{8BD4D492-9F06-47F7-BDB3-580739F08EC9}.Release|iPhoneSimulator.ActiveCfg = Release|x64
		{8BD4D492-9F06-47F7-BDB3-580739F08EC9}.Release|iPhoneSimulator.Build.0 = Release|x64
		{8BD4D492-9F06-47F7-BDB3-580739F08EC9}.Release|iPhoneSimulator.Deploy.0 = Release|x64
		{8BD4D492-9F06-47F7-BDB3-580739F08EC9}.Release|x64.ActiveCfg = Release|x64
		{8BD4D492-9F06-47F7-BDB3-580739F08EC9}.Release|x64.Build.0 = Release|x64
		{8BD4D492-9F06-47F7-BDB3-580739F08EC9}.Release|x64.Deploy.0 = Release|x64
		{8BD4D492-9F06-47F7-BDB3-580739F08EC9}.Release|x86.ActiveCfg = Release|x86
		{8BD4D492-9F06-47F7-BDB3-580739F08EC9}.Release|x86.Build.0 = Release|x86
		{8BD4D492-9F06-47F7-BDB3-580739F08EC9}.Release|x86.Deploy.0 = Release|x86
		{F06ECBDB-8D7E-4ECF-BA60-2911036563A4}.Debug|Any CPU.ActiveCfg = Debug|Any CPU
		{F06ECBDB-8D7E-4ECF-BA60-2911036563A4}.Debug|Any CPU.Build.0 = Debug|Any CPU
		{F06ECBDB-8D7E-4ECF-BA60-2911036563A4}.Debug|Any CPU.Deploy.0 = Debug|Any CPU
		{F06ECBDB-8D7E-4ECF-BA60-2911036563A4}.Debug|ARM.ActiveCfg = Debug|Any CPU
		{F06ECBDB-8D7E-4ECF-BA60-2911036563A4}.Debug|ARM.Build.0 = Debug|Any CPU
		{F06ECBDB-8D7E-4ECF-BA60-2911036563A4}.Debug|ARM.Deploy.0 = Debug|Any CPU
		{F06ECBDB-8D7E-4ECF-BA60-2911036563A4}.Debug|iPhone.ActiveCfg = Debug|Any CPU
		{F06ECBDB-8D7E-4ECF-BA60-2911036563A4}.Debug|iPhone.Build.0 = Debug|Any CPU
		{F06ECBDB-8D7E-4ECF-BA60-2911036563A4}.Debug|iPhone.Deploy.0 = Debug|Any CPU
		{F06ECBDB-8D7E-4ECF-BA60-2911036563A4}.Debug|iPhoneSimulator.ActiveCfg = Debug|Any CPU
		{F06ECBDB-8D7E-4ECF-BA60-2911036563A4}.Debug|iPhoneSimulator.Build.0 = Debug|Any CPU
		{F06ECBDB-8D7E-4ECF-BA60-2911036563A4}.Debug|iPhoneSimulator.Deploy.0 = Debug|Any CPU
		{F06ECBDB-8D7E-4ECF-BA60-2911036563A4}.Debug|x64.ActiveCfg = Debug|Any CPU
		{F06ECBDB-8D7E-4ECF-BA60-2911036563A4}.Debug|x64.Build.0 = Debug|Any CPU
		{F06ECBDB-8D7E-4ECF-BA60-2911036563A4}.Debug|x64.Deploy.0 = Debug|Any CPU
		{F06ECBDB-8D7E-4ECF-BA60-2911036563A4}.Debug|x86.ActiveCfg = Debug|Any CPU
		{F06ECBDB-8D7E-4ECF-BA60-2911036563A4}.Debug|x86.Build.0 = Debug|Any CPU
		{F06ECBDB-8D7E-4ECF-BA60-2911036563A4}.Debug|x86.Deploy.0 = Debug|Any CPU
		{F06ECBDB-8D7E-4ECF-BA60-2911036563A4}.Release|Any CPU.ActiveCfg = Release|Any CPU
		{F06ECBDB-8D7E-4ECF-BA60-2911036563A4}.Release|Any CPU.Build.0 = Release|Any CPU
		{F06ECBDB-8D7E-4ECF-BA60-2911036563A4}.Release|Any CPU.Deploy.0 = Release|Any CPU
		{F06ECBDB-8D7E-4ECF-BA60-2911036563A4}.Release|ARM.ActiveCfg = Release|Any CPU
		{F06ECBDB-8D7E-4ECF-BA60-2911036563A4}.Release|ARM.Build.0 = Release|Any CPU
		{F06ECBDB-8D7E-4ECF-BA60-2911036563A4}.Release|ARM.Deploy.0 = Release|Any CPU
		{F06ECBDB-8D7E-4ECF-BA60-2911036563A4}.Release|iPhone.ActiveCfg = Release|Any CPU
		{F06ECBDB-8D7E-4ECF-BA60-2911036563A4}.Release|iPhone.Build.0 = Release|Any CPU
		{F06ECBDB-8D7E-4ECF-BA60-2911036563A4}.Release|iPhone.Deploy.0 = Release|Any CPU
		{F06ECBDB-8D7E-4ECF-BA60-2911036563A4}.Release|iPhoneSimulator.ActiveCfg = Release|Any CPU
		{F06ECBDB-8D7E-4ECF-BA60-2911036563A4}.Release|iPhoneSimulator.Build.0 = Release|Any CPU
		{F06ECBDB-8D7E-4ECF-BA60-2911036563A4}.Release|iPhoneSimulator.Deploy.0 = Release|Any CPU
		{F06ECBDB-8D7E-4ECF-BA60-2911036563A4}.Release|x64.ActiveCfg = Release|Any CPU
		{F06ECBDB-8D7E-4ECF-BA60-2911036563A4}.Release|x64.Build.0 = Release|Any CPU
		{F06ECBDB-8D7E-4ECF-BA60-2911036563A4}.Release|x64.Deploy.0 = Release|Any CPU
		{F06ECBDB-8D7E-4ECF-BA60-2911036563A4}.Release|x86.ActiveCfg = Release|Any CPU
		{F06ECBDB-8D7E-4ECF-BA60-2911036563A4}.Release|x86.Build.0 = Release|Any CPU
		{F06ECBDB-8D7E-4ECF-BA60-2911036563A4}.Release|x86.Deploy.0 = Release|Any CPU
		{44FA377B-7B2E-48AC-ABDE-A2A271C52D42}.Debug|Any CPU.ActiveCfg = Debug|iPhoneSimulator
		{44FA377B-7B2E-48AC-ABDE-A2A271C52D42}.Debug|Any CPU.Build.0 = Debug|iPhoneSimulator
		{44FA377B-7B2E-48AC-ABDE-A2A271C52D42}.Debug|Any CPU.Deploy.0 = Debug|iPhoneSimulator
		{44FA377B-7B2E-48AC-ABDE-A2A271C52D42}.Debug|ARM.ActiveCfg = Debug|iPhoneSimulator
		{44FA377B-7B2E-48AC-ABDE-A2A271C52D42}.Debug|ARM.Build.0 = Debug|iPhoneSimulator
		{44FA377B-7B2E-48AC-ABDE-A2A271C52D42}.Debug|ARM.Deploy.0 = Debug|iPhoneSimulator
		{44FA377B-7B2E-48AC-ABDE-A2A271C52D42}.Debug|iPhone.ActiveCfg = Debug|iPhone
		{44FA377B-7B2E-48AC-ABDE-A2A271C52D42}.Debug|iPhone.Build.0 = Debug|iPhone
		{44FA377B-7B2E-48AC-ABDE-A2A271C52D42}.Debug|iPhone.Deploy.0 = Debug|iPhone
		{44FA377B-7B2E-48AC-ABDE-A2A271C52D42}.Debug|iPhoneSimulator.ActiveCfg = Debug|iPhoneSimulator
		{44FA377B-7B2E-48AC-ABDE-A2A271C52D42}.Debug|iPhoneSimulator.Build.0 = Debug|iPhoneSimulator
		{44FA377B-7B2E-48AC-ABDE-A2A271C52D42}.Debug|iPhoneSimulator.Deploy.0 = Debug|iPhoneSimulator
		{44FA377B-7B2E-48AC-ABDE-A2A271C52D42}.Debug|x64.ActiveCfg = Debug|iPhone
		{44FA377B-7B2E-48AC-ABDE-A2A271C52D42}.Debug|x64.Build.0 = Debug|iPhone
		{44FA377B-7B2E-48AC-ABDE-A2A271C52D42}.Debug|x64.Deploy.0 = Debug|iPhone
		{44FA377B-7B2E-48AC-ABDE-A2A271C52D42}.Debug|x86.ActiveCfg = Debug|iPhoneSimulator
		{44FA377B-7B2E-48AC-ABDE-A2A271C52D42}.Debug|x86.Build.0 = Debug|iPhoneSimulator
		{44FA377B-7B2E-48AC-ABDE-A2A271C52D42}.Debug|x86.Deploy.0 = Debug|iPhoneSimulator
		{44FA377B-7B2E-48AC-ABDE-A2A271C52D42}.Release|Any CPU.ActiveCfg = Release|iPhoneSimulator
		{44FA377B-7B2E-48AC-ABDE-A2A271C52D42}.Release|Any CPU.Build.0 = Release|iPhoneSimulator
		{44FA377B-7B2E-48AC-ABDE-A2A271C52D42}.Release|Any CPU.Deploy.0 = Release|iPhoneSimulator
		{44FA377B-7B2E-48AC-ABDE-A2A271C52D42}.Release|ARM.ActiveCfg = Release|iPhoneSimulator
		{44FA377B-7B2E-48AC-ABDE-A2A271C52D42}.Release|ARM.Build.0 = Release|iPhoneSimulator
		{44FA377B-7B2E-48AC-ABDE-A2A271C52D42}.Release|ARM.Deploy.0 = Release|iPhoneSimulator
		{44FA377B-7B2E-48AC-ABDE-A2A271C52D42}.Release|iPhone.ActiveCfg = Release|iPhone
		{44FA377B-7B2E-48AC-ABDE-A2A271C52D42}.Release|iPhone.Build.0 = Release|iPhone
		{44FA377B-7B2E-48AC-ABDE-A2A271C52D42}.Release|iPhone.Deploy.0 = Release|iPhone
		{44FA377B-7B2E-48AC-ABDE-A2A271C52D42}.Release|iPhoneSimulator.ActiveCfg = Release|iPhoneSimulator
		{44FA377B-7B2E-48AC-ABDE-A2A271C52D42}.Release|iPhoneSimulator.Build.0 = Release|iPhoneSimulator
		{44FA377B-7B2E-48AC-ABDE-A2A271C52D42}.Release|iPhoneSimulator.Deploy.0 = Release|iPhoneSimulator
		{44FA377B-7B2E-48AC-ABDE-A2A271C52D42}.Release|x64.ActiveCfg = Release|iPhoneSimulator
		{44FA377B-7B2E-48AC-ABDE-A2A271C52D42}.Release|x64.Build.0 = Release|iPhoneSimulator
		{44FA377B-7B2E-48AC-ABDE-A2A271C52D42}.Release|x64.Deploy.0 = Release|iPhoneSimulator
		{44FA377B-7B2E-48AC-ABDE-A2A271C52D42}.Release|x86.ActiveCfg = Release|iPhoneSimulator
		{44FA377B-7B2E-48AC-ABDE-A2A271C52D42}.Release|x86.Build.0 = Release|iPhoneSimulator
		{44FA377B-7B2E-48AC-ABDE-A2A271C52D42}.Release|x86.Deploy.0 = Release|iPhoneSimulator
		{198ACA4C-1744-4052-B8E4-021A88E2973E}.Debug|Any CPU.ActiveCfg = Debug|Any CPU
		{198ACA4C-1744-4052-B8E4-021A88E2973E}.Debug|Any CPU.Build.0 = Debug|Any CPU
		{198ACA4C-1744-4052-B8E4-021A88E2973E}.Debug|Any CPU.Deploy.0 = Debug|Any CPU
		{198ACA4C-1744-4052-B8E4-021A88E2973E}.Debug|ARM.ActiveCfg = Debug|Any CPU
		{198ACA4C-1744-4052-B8E4-021A88E2973E}.Debug|ARM.Build.0 = Debug|Any CPU
		{198ACA4C-1744-4052-B8E4-021A88E2973E}.Debug|ARM.Deploy.0 = Debug|Any CPU
		{198ACA4C-1744-4052-B8E4-021A88E2973E}.Debug|iPhone.ActiveCfg = Debug|Any CPU
		{198ACA4C-1744-4052-B8E4-021A88E2973E}.Debug|iPhone.Build.0 = Debug|Any CPU
		{198ACA4C-1744-4052-B8E4-021A88E2973E}.Debug|iPhone.Deploy.0 = Debug|Any CPU
		{198ACA4C-1744-4052-B8E4-021A88E2973E}.Debug|iPhoneSimulator.ActiveCfg = Debug|Any CPU
		{198ACA4C-1744-4052-B8E4-021A88E2973E}.Debug|iPhoneSimulator.Build.0 = Debug|Any CPU
		{198ACA4C-1744-4052-B8E4-021A88E2973E}.Debug|iPhoneSimulator.Deploy.0 = Debug|Any CPU
		{198ACA4C-1744-4052-B8E4-021A88E2973E}.Debug|x64.ActiveCfg = Debug|Any CPU
		{198ACA4C-1744-4052-B8E4-021A88E2973E}.Debug|x64.Build.0 = Debug|Any CPU
		{198ACA4C-1744-4052-B8E4-021A88E2973E}.Debug|x64.Deploy.0 = Debug|Any CPU
		{198ACA4C-1744-4052-B8E4-021A88E2973E}.Debug|x86.ActiveCfg = Debug|Any CPU
		{198ACA4C-1744-4052-B8E4-021A88E2973E}.Debug|x86.Build.0 = Debug|Any CPU
		{198ACA4C-1744-4052-B8E4-021A88E2973E}.Debug|x86.Deploy.0 = Debug|Any CPU
		{198ACA4C-1744-4052-B8E4-021A88E2973E}.Release|Any CPU.ActiveCfg = Release|Any CPU
		{198ACA4C-1744-4052-B8E4-021A88E2973E}.Release|Any CPU.Build.0 = Release|Any CPU
		{198ACA4C-1744-4052-B8E4-021A88E2973E}.Release|Any CPU.Deploy.0 = Release|Any CPU
		{198ACA4C-1744-4052-B8E4-021A88E2973E}.Release|ARM.ActiveCfg = Release|Any CPU
		{198ACA4C-1744-4052-B8E4-021A88E2973E}.Release|ARM.Build.0 = Release|Any CPU
		{198ACA4C-1744-4052-B8E4-021A88E2973E}.Release|ARM.Deploy.0 = Release|Any CPU
		{198ACA4C-1744-4052-B8E4-021A88E2973E}.Release|iPhone.ActiveCfg = Release|Any CPU
		{198ACA4C-1744-4052-B8E4-021A88E2973E}.Release|iPhone.Build.0 = Release|Any CPU
		{198ACA4C-1744-4052-B8E4-021A88E2973E}.Release|iPhone.Deploy.0 = Release|Any CPU
		{198ACA4C-1744-4052-B8E4-021A88E2973E}.Release|iPhoneSimulator.ActiveCfg = Release|Any CPU
		{198ACA4C-1744-4052-B8E4-021A88E2973E}.Release|iPhoneSimulator.Build.0 = Release|Any CPU
		{198ACA4C-1744-4052-B8E4-021A88E2973E}.Release|iPhoneSimulator.Deploy.0 = Release|Any CPU
		{198ACA4C-1744-4052-B8E4-021A88E2973E}.Release|x64.ActiveCfg = Release|Any CPU
		{198ACA4C-1744-4052-B8E4-021A88E2973E}.Release|x64.Build.0 = Release|Any CPU
		{198ACA4C-1744-4052-B8E4-021A88E2973E}.Release|x64.Deploy.0 = Release|Any CPU
		{198ACA4C-1744-4052-B8E4-021A88E2973E}.Release|x86.ActiveCfg = Release|Any CPU
		{198ACA4C-1744-4052-B8E4-021A88E2973E}.Release|x86.Build.0 = Release|Any CPU
		{198ACA4C-1744-4052-B8E4-021A88E2973E}.Release|x86.Deploy.0 = Release|Any CPU
	EndGlobalSection
	GlobalSection(SolutionProperties) = preSolution
		HideSolutionNode = FALSE
	EndGlobalSection
	GlobalSection(ExtensibilityGlobals) = postSolution
		SolutionGuid = {C34C3E5A-56EB-4D88-8F98-D1D95E51283C}
	EndGlobalSection
EndGlobal
