
Microsoft Visual Studio Solution File, Format Version 12.00
# Visual Studio Version 17
VisualStudioVersion = 17.4.33103.184
MinimumVisualStudioVersion = 10.0.40219.1
Project("{FAE04EC0-301F-11D3-BF4B-00C04F79EFBC}") = "BudgetAppTry2.UWP", "BudgetAppTry2\BudgetAppTry2.UWP\BudgetAppTry2.UWP.csproj", "{79D66299-623F-47E2-8184-9F15B4E3CC40}"
EndProject
Project("{FAE04EC0-301F-11D3-BF4B-00C04F79EFBC}") = "BudgetAppTry2.Android", "BudgetAppTry2\BudgetAppTry2.Android\BudgetAppTry2.Android.csproj", "{5FC23F3E-9CC5-4576-AECE-DA44753A204F}"
EndProject
Project("{FAE04EC0-301F-11D3-BF4B-00C04F79EFBC}") = "BudgetAppTry2.iOS", "BudgetAppTry2\BudgetAppTry2.iOS\BudgetAppTry2.iOS.csproj", "{1EB51D71-EF78-47F4-97A6-9D4055341DC6}"
EndProject
Project("{FAE04EC0-301F-11D3-BF4B-00C04F79EFBC}") = "BudgetAppTry2", "BudgetAppTry2\BudgetAppTry2\BudgetAppTry2.csproj", "{FB40727E-8EBD-4DB8-97B5-223C55A187D6}"
EndProject
Global
	GlobalSection(SolutionConfigurationPlatforms) = preSolution
		Debug|Any CPU = Debug|Any CPU
		Debug|ARM = Debug|ARM
		Debug|iPhone = Debug|iPhone
		Debug|iPhoneSimulator = Debug|iPhoneSimulator
		Debug|x64 = Debug|x64
		Debug|x86 = Debug|x86
		Release|Any CPU = Release|Any CPU
		Release|ARM = Release|ARM
		Release|iPhone = Release|iPhone
		Release|iPhoneSimulator = Release|iPhoneSimulator
		Release|x64 = Release|x64
		Release|x86 = Release|x86
	EndGlobalSection
	GlobalSection(ProjectConfigurationPlatforms) = postSolution
		{79D66299-623F-47E2-8184-9F15B4E3CC40}.Debug|Any CPU.ActiveCfg = Debug|x64
		{79D66299-623F-47E2-8184-9F15B4E3CC40}.Debug|Any CPU.Build.0 = Debug|x64
		{79D66299-623F-47E2-8184-9F15B4E3CC40}.Debug|Any CPU.Deploy.0 = Debug|x64
		{79D66299-623F-47E2-8184-9F15B4E3CC40}.Debug|ARM.ActiveCfg = Debug|ARM
		{79D66299-623F-47E2-8184-9F15B4E3CC40}.Debug|ARM.Build.0 = Debug|ARM
		{79D66299-623F-47E2-8184-9F15B4E3CC40}.Debug|ARM.Deploy.0 = Debug|ARM
		{79D66299-623F-47E2-8184-9F15B4E3CC40}.Debug|iPhone.ActiveCfg = Debug|x64
		{79D66299-623F-47E2-8184-9F15B4E3CC40}.Debug|iPhone.Build.0 = Debug|x64
		{79D66299-623F-47E2-8184-9F15B4E3CC40}.Debug|iPhone.Deploy.0 = Debug|x64
		{79D66299-623F-47E2-8184-9F15B4E3CC40}.Debug|iPhoneSimulator.ActiveCfg = Debug|x64
		{79D66299-623F-47E2-8184-9F15B4E3CC40}.Debug|iPhoneSimulator.Build.0 = Debug|x64
		{79D66299-623F-47E2-8184-9F15B4E3CC40}.Debug|iPhoneSimulator.Deploy.0 = Debug|x64
		{79D66299-623F-47E2-8184-9F15B4E3CC40}.Debug|x64.ActiveCfg = Debug|x64
		{79D66299-623F-47E2-8184-9F15B4E3CC40}.Debug|x64.Build.0 = Debug|x64
		{79D66299-623F-47E2-8184-9F15B4E3CC40}.Debug|x64.Deploy.0 = Debug|x64
		{79D66299-623F-47E2-8184-9F15B4E3CC40}.Debug|x86.ActiveCfg = Debug|x86
		{79D66299-623F-47E2-8184-9F15B4E3CC40}.Debug|x86.Build.0 = Debug|x86
		{79D66299-623F-47E2-8184-9F15B4E3CC40}.Debug|x86.Deploy.0 = Debug|x86
		{79D66299-623F-47E2-8184-9F15B4E3CC40}.Release|Any CPU.ActiveCfg = Release|x64
		{79D66299-623F-47E2-8184-9F15B4E3CC40}.Release|Any CPU.Build.0 = Release|x64
		{79D66299-623F-47E2-8184-9F15B4E3CC40}.Release|Any CPU.Deploy.0 = Release|x64
		{79D66299-623F-47E2-8184-9F15B4E3CC40}.Release|ARM.ActiveCfg = Release|ARM
		{79D66299-623F-47E2-8184-9F15B4E3CC40}.Release|ARM.Build.0 = Release|ARM
		{79D66299-623F-47E2-8184-9F15B4E3CC40}.Release|ARM.Deploy.0 = Release|ARM
		{79D66299-623F-47E2-8184-9F15B4E3CC40}.Release|iPhone.ActiveCfg = Release|x64
		{79D66299-623F-47E2-8184-9F15B4E3CC40}.Release|iPhone.Build.0 = Release|x64
		{79D66299-623F-47E2-8184-9F15B4E3CC40}.Release|iPhone.Deploy.0 = Release|x64
		{79D66299-623F-47E2-8184-9F15B4E3CC40}.Release|iPhoneSimulator.ActiveCfg = Release|x64
		{79D66299-623F-47E2-8184-9F15B4E3CC40}.Release|iPhoneSimulator.Build.0 = Release|x64
		{79D66299-623F-47E2-8184-9F15B4E3CC40}.Release|iPhoneSimulator.Deploy.0 = Release|x64
		{79D66299-623F-47E2-8184-9F15B4E3CC40}.Release|x64.ActiveCfg = Release|x64
		{79D66299-623F-47E2-8184-9F15B4E3CC40}.Release|x64.Build.0 = Release|x64
		{79D66299-623F-47E2-8184-9F15B4E3CC40}.Release|x64.Deploy.0 = Release|x64
		{79D66299-623F-47E2-8184-9F15B4E3CC40}.Release|x86.ActiveCfg = Release|x86
		{79D66299-623F-47E2-8184-9F15B4E3CC40}.Release|x86.Build.0 = Release|x86
		{79D66299-623F-47E2-8184-9F15B4E3CC40}.Release|x86.Deploy.0 = Release|x86
		{5FC23F3E-9CC5-4576-AECE-DA44753A204F}.Debug|Any CPU.ActiveCfg = Debug|Any CPU
		{5FC23F3E-9CC5-4576-AECE-DA44753A204F}.Debug|Any CPU.Build.0 = Debug|Any CPU
		{5FC23F3E-9CC5-4576-AECE-DA44753A204F}.Debug|Any CPU.Deploy.0 = Debug|Any CPU
		{5FC23F3E-9CC5-4576-AECE-DA44753A204F}.Debug|ARM.ActiveCfg = Debug|Any CPU
		{5FC23F3E-9CC5-4576-AECE-DA44753A204F}.Debug|ARM.Build.0 = Debug|Any CPU
		{5FC23F3E-9CC5-4576-AECE-DA44753A204F}.Debug|ARM.Deploy.0 = Debug|Any CPU
		{5FC23F3E-9CC5-4576-AECE-DA44753A204F}.Debug|iPhone.ActiveCfg = Debug|Any CPU
		{5FC23F3E-9CC5-4576-AECE-DA44753A204F}.Debug|iPhone.Build.0 = Debug|Any CPU
		{5FC23F3E-9CC5-4576-AECE-DA44753A204F}.Debug|iPhone.Deploy.0 = Debug|Any CPU
		{5FC23F3E-9CC5-4576-AECE-DA44753A204F}.Debug|iPhoneSimulator.ActiveCfg = Debug|Any CPU
		{5FC23F3E-9CC5-4576-AECE-DA44753A204F}.Debug|iPhoneSimulator.Build.0 = Debug|Any CPU
		{5FC23F3E-9CC5-4576-AECE-DA44753A204F}.Debug|iPhoneSimulator.Deploy.0 = Debug|Any CPU
		{5FC23F3E-9CC5-4576-AECE-DA44753A204F}.Debug|x64.ActiveCfg = Debug|Any CPU
		{5FC23F3E-9CC5-4576-AECE-DA44753A204F}.Debug|x64.Build.0 = Debug|Any CPU
		{5FC23F3E-9CC5-4576-AECE-DA44753A204F}.Debug|x64.Deploy.0 = Debug|Any CPU
		{5FC23F3E-9CC5-4576-AECE-DA44753A204F}.Debug|x86.ActiveCfg = Debug|Any CPU
		{5FC23F3E-9CC5-4576-AECE-DA44753A204F}.Debug|x86.Build.0 = Debug|Any CPU
		{5FC23F3E-9CC5-4576-AECE-DA44753A204F}.Debug|x86.Deploy.0 = Debug|Any CPU
		{5FC23F3E-9CC5-4576-AECE-DA44753A204F}.Release|Any CPU.ActiveCfg = Release|Any CPU
		{5FC23F3E-9CC5-4576-AECE-DA44753A204F}.Release|Any CPU.Build.0 = Release|Any CPU
		{5FC23F3E-9CC5-4576-AECE-DA44753A204F}.Release|Any CPU.Deploy.0 = Release|Any CPU
		{5FC23F3E-9CC5-4576-AECE-DA44753A204F}.Release|ARM.ActiveCfg = Release|Any CPU
		{5FC23F3E-9CC5-4576-AECE-DA44753A204F}.Release|ARM.Build.0 = Release|Any CPU
		{5FC23F3E-9CC5-4576-AECE-DA44753A204F}.Release|ARM.Deploy.0 = Release|Any CPU
		{5FC23F3E-9CC5-4576-AECE-DA44753A204F}.Release|iPhone.ActiveCfg = Release|Any CPU
		{5FC23F3E-9CC5-4576-AECE-DA44753A204F}.Release|iPhone.Build.0 = Release|Any CPU
		{5FC23F3E-9CC5-4576-AECE-DA44753A204F}.Release|iPhone.Deploy.0 = Release|Any CPU
		{5FC23F3E-9CC5-4576-AECE-DA44753A204F}.Release|iPhoneSimulator.ActiveCfg = Release|Any CPU
		{5FC23F3E-9CC5-4576-AECE-DA44753A204F}.Release|iPhoneSimulator.Build.0 = Release|Any CPU
		{5FC23F3E-9CC5-4576-AECE-DA44753A204F}.Release|iPhoneSimulator.Deploy.0 = Release|Any CPU
		{5FC23F3E-9CC5-4576-AECE-DA44753A204F}.Release|x64.ActiveCfg = Release|Any CPU
		{5FC23F3E-9CC5-4576-AECE-DA44753A204F}.Release|x64.Build.0 = Release|Any CPU
		{5FC23F3E-9CC5-4576-AECE-DA44753A204F}.Release|x64.Deploy.0 = Release|Any CPU
		{5FC23F3E-9CC5-4576-AECE-DA44753A204F}.Release|x86.ActiveCfg = Release|Any CPU
		{5FC23F3E-9CC5-4576-AECE-DA44753A204F}.Release|x86.Build.0 = Release|Any CPU
		{5FC23F3E-9CC5-4576-AECE-DA44753A204F}.Release|x86.Deploy.0 = Release|Any CPU
		{1EB51D71-EF78-47F4-97A6-9D4055341DC6}.Debug|Any CPU.ActiveCfg = Debug|iPhoneSimulator
		{1EB51D71-EF78-47F4-97A6-9D4055341DC6}.Debug|Any CPU.Build.0 = Debug|iPhoneSimulator
		{1EB51D71-EF78-47F4-97A6-9D4055341DC6}.Debug|Any CPU.Deploy.0 = Debug|iPhoneSimulator
		{1EB51D71-EF78-47F4-97A6-9D4055341DC6}.Debug|ARM.ActiveCfg = Debug|iPhoneSimulator
		{1EB51D71-EF78-47F4-97A6-9D4055341DC6}.Debug|ARM.Build.0 = Debug|iPhoneSimulator
		{1EB51D71-EF78-47F4-97A6-9D4055341DC6}.Debug|ARM.Deploy.0 = Debug|iPhoneSimulator
		{1EB51D71-EF78-47F4-97A6-9D4055341DC6}.Debug|iPhone.ActiveCfg = Debug|iPhone
		{1EB51D71-EF78-47F4-97A6-9D4055341DC6}.Debug|iPhone.Build.0 = Debug|iPhone
		{1EB51D71-EF78-47F4-97A6-9D4055341DC6}.Debug|iPhone.Deploy.0 = Debug|iPhone
		{1EB51D71-EF78-47F4-97A6-9D4055341DC6}.Debug|iPhoneSimulator.ActiveCfg = Debug|iPhoneSimulator
		{1EB51D71-EF78-47F4-97A6-9D4055341DC6}.Debug|iPhoneSimulator.Build.0 = Debug|iPhoneSimulator
		{1EB51D71-EF78-47F4-97A6-9D4055341DC6}.Debug|iPhoneSimulator.Deploy.0 = Debug|iPhoneSimulator
		{1EB51D71-EF78-47F4-97A6-9D4055341DC6}.Debug|x64.ActiveCfg = Debug|iPhone
		{1EB51D71-EF78-47F4-97A6-9D4055341DC6}.Debug|x64.Build.0 = Debug|iPhone
		{1EB51D71-EF78-47F4-97A6-9D4055341DC6}.Debug|x64.Deploy.0 = Debug|iPhone
		{1EB51D71-EF78-47F4-97A6-9D4055341DC6}.Debug|x86.ActiveCfg = Debug|iPhoneSimulator
		{1EB51D71-EF78-47F4-97A6-9D4055341DC6}.Debug|x86.Build.0 = Debug|iPhoneSimulator
		{1EB51D71-EF78-47F4-97A6-9D4055341DC6}.Debug|x86.Deploy.0 = Debug|iPhoneSimulator
		{1EB51D71-EF78-47F4-97A6-9D4055341DC6}.Release|Any CPU.ActiveCfg = Release|iPhoneSimulator
		{1EB51D71-EF78-47F4-97A6-9D4055341DC6}.Release|Any CPU.Build.0 = Release|iPhoneSimulator
		{1EB51D71-EF78-47F4-97A6-9D4055341DC6}.Release|Any CPU.Deploy.0 = Release|iPhoneSimulator
		{1EB51D71-EF78-47F4-97A6-9D4055341DC6}.Release|ARM.ActiveCfg = Release|iPhoneSimulator
		{1EB51D71-EF78-47F4-97A6-9D4055341DC6}.Release|ARM.Build.0 = Release|iPhoneSimulator
		{1EB51D71-EF78-47F4-97A6-9D4055341DC6}.Release|ARM.Deploy.0 = Release|iPhoneSimulator
		{1EB51D71-EF78-47F4-97A6-9D4055341DC6}.Release|iPhone.ActiveCfg = Release|iPhone
		{1EB51D71-EF78-47F4-97A6-9D4055341DC6}.Release|iPhone.Build.0 = Release|iPhone
		{1EB51D71-EF78-47F4-97A6-9D4055341DC6}.Release|iPhone.Deploy.0 = Release|iPhone
		{1EB51D71-EF78-47F4-97A6-9D4055341DC6}.Release|iPhoneSimulator.ActiveCfg = Release|iPhoneSimulator
		{1EB51D71-EF78-47F4-97A6-9D4055341DC6}.Release|iPhoneSimulator.Build.0 = Release|iPhoneSimulator
		{1EB51D71-EF78-47F4-97A6-9D4055341DC6}.Release|iPhoneSimulator.Deploy.0 = Release|iPhoneSimulator
		{1EB51D71-EF78-47F4-97A6-9D4055341DC6}.Release|x64.ActiveCfg = Release|iPhoneSimulator
		{1EB51D71-EF78-47F4-97A6-9D4055341DC6}.Release|x64.Build.0 = Release|iPhoneSimulator
		{1EB51D71-EF78-47F4-97A6-9D4055341DC6}.Release|x64.Deploy.0 = Release|iPhoneSimulator
		{1EB51D71-EF78-47F4-97A6-9D4055341DC6}.Release|x86.ActiveCfg = Release|iPhoneSimulator
		{1EB51D71-EF78-47F4-97A6-9D4055341DC6}.Release|x86.Build.0 = Release|iPhoneSimulator
		{1EB51D71-EF78-47F4-97A6-9D4055341DC6}.Release|x86.Deploy.0 = Release|iPhoneSimulator
		{FB40727E-8EBD-4DB8-97B5-223C55A187D6}.Debug|Any CPU.ActiveCfg = Debug|Any CPU
		{FB40727E-8EBD-4DB8-97B5-223C55A187D6}.Debug|Any CPU.Build.0 = Debug|Any CPU
		{FB40727E-8EBD-4DB8-97B5-223C55A187D6}.Debug|Any CPU.Deploy.0 = Debug|Any CPU
		{FB40727E-8EBD-4DB8-97B5-223C55A187D6}.Debug|ARM.ActiveCfg = Debug|Any CPU
		{FB40727E-8EBD-4DB8-97B5-223C55A187D6}.Debug|ARM.Build.0 = Debug|Any CPU
		{FB40727E-8EBD-4DB8-97B5-223C55A187D6}.Debug|ARM.Deploy.0 = Debug|Any CPU
		{FB40727E-8EBD-4DB8-97B5-223C55A187D6}.Debug|iPhone.ActiveCfg = Debug|Any CPU
		{FB40727E-8EBD-4DB8-97B5-223C55A187D6}.Debug|iPhone.Build.0 = Debug|Any CPU
		{FB40727E-8EBD-4DB8-97B5-223C55A187D6}.Debug|iPhone.Deploy.0 = Debug|Any CPU
		{FB40727E-8EBD-4DB8-97B5-223C55A187D6}.Debug|iPhoneSimulator.ActiveCfg = Debug|Any CPU
		{FB40727E-8EBD-4DB8-97B5-223C55A187D6}.Debug|iPhoneSimulator.Build.0 = Debug|Any CPU
		{FB40727E-8EBD-4DB8-97B5-223C55A187D6}.Debug|iPhoneSimulator.Deploy.0 = Debug|Any CPU
		{FB40727E-8EBD-4DB8-97B5-223C55A187D6}.Debug|x64.ActiveCfg = Debug|Any CPU
		{FB40727E-8EBD-4DB8-97B5-223C55A187D6}.Debug|x64.Build.0 = Debug|Any CPU
		{FB40727E-8EBD-4DB8-97B5-223C55A187D6}.Debug|x64.Deploy.0 = Debug|Any CPU
		{FB40727E-8EBD-4DB8-97B5-223C55A187D6}.Debug|x86.ActiveCfg = Debug|Any CPU
		{FB40727E-8EBD-4DB8-97B5-223C55A187D6}.Debug|x86.Build.0 = Debug|Any CPU
		{FB40727E-8EBD-4DB8-97B5-223C55A187D6}.Debug|x86.Deploy.0 = Debug|Any CPU
		{FB40727E-8EBD-4DB8-97B5-223C55A187D6}.Release|Any CPU.ActiveCfg = Release|Any CPU
		{FB40727E-8EBD-4DB8-97B5-223C55A187D6}.Release|Any CPU.Build.0 = Release|Any CPU
		{FB40727E-8EBD-4DB8-97B5-223C55A187D6}.Release|Any CPU.Deploy.0 = Release|Any CPU
		{FB40727E-8EBD-4DB8-97B5-223C55A187D6}.Release|ARM.ActiveCfg = Release|Any CPU
		{FB40727E-8EBD-4DB8-97B5-223C55A187D6}.Release|ARM.Build.0 = Release|Any CPU
		{FB40727E-8EBD-4DB8-97B5-223C55A187D6}.Release|ARM.Deploy.0 = Release|Any CPU
		{FB40727E-8EBD-4DB8-97B5-223C55A187D6}.Release|iPhone.ActiveCfg = Release|Any CPU
		{FB40727E-8EBD-4DB8-97B5-223C55A187D6}.Release|iPhone.Build.0 = Release|Any CPU
		{FB40727E-8EBD-4DB8-97B5-223C55A187D6}.Release|iPhone.Deploy.0 = Release|Any CPU
		{FB40727E-8EBD-4DB8-97B5-223C55A187D6}.Release|iPhoneSimulator.ActiveCfg = Release|Any CPU
		{FB40727E-8EBD-4DB8-97B5-223C55A187D6}.Release|iPhoneSimulator.Build.0 = Release|Any CPU
		{FB40727E-8EBD-4DB8-97B5-223C55A187D6}.Release|iPhoneSimulator.Deploy.0 = Release|Any CPU
		{FB40727E-8EBD-4DB8-97B5-223C55A187D6}.Release|x64.ActiveCfg = Release|Any CPU
		{FB40727E-8EBD-4DB8-97B5-223C55A187D6}.Release|x64.Build.0 = Release|Any CPU
		{FB40727E-8EBD-4DB8-97B5-223C55A187D6}.Release|x64.Deploy.0 = Release|Any CPU
		{FB40727E-8EBD-4DB8-97B5-223C55A187D6}.Release|x86.ActiveCfg = Release|Any CPU
		{FB40727E-8EBD-4DB8-97B5-223C55A187D6}.Release|x86.Build.0 = Release|Any CPU
		{FB40727E-8EBD-4DB8-97B5-223C55A187D6}.Release|x86.Deploy.0 = Release|Any CPU
	EndGlobalSection
	GlobalSection(SolutionProperties) = preSolution
		HideSolutionNode = FALSE
	EndGlobalSection
	GlobalSection(ExtensibilityGlobals) = postSolution
		SolutionGuid = {78EEBFFB-D7B0-477E-AD5B-677A67B0D914}
	EndGlobalSection
EndGlobal
